
Microsoft Visual Studio Solution File, Format Version 12.00
# Visual Studio 15
VisualStudioVersion = 15.0.27004.2009
MinimumVisualStudioVersion = 10.0.40219.1
Project("{8BC9CEB8-8B4A-11D0-8D11-00A0C91BC942}") = "vortexcore", "vortexcore\build_x64\vortexcore.vcxproj", "{7B69BD35-844E-3DE6-B63A-22DE70206AD0}"
EndProject
Project("{8BC9CEB8-8B4A-11D0-8D11-00A0C91BC942}") = "spacecraft", "spacecraft\build_x64\spacecraft.vcxproj", "{CB54528D-761D-3F88-89F1-257B276F49BA}"
	ProjectSection(ProjectDependencies) = postProject
		{7B69BD35-844E-3DE6-B63A-22DE70206AD0} = {7B69BD35-844E-3DE6-B63A-22DE70206AD0}
	EndProjectSection
EndProject
Global
	GlobalSection(SolutionConfigurationPlatforms) = preSolution
		Debug|x64 = Debug|x64
		Release|x64 = Release|x64
	EndGlobalSection
	GlobalSection(ProjectConfigurationPlatforms) = postSolution
		{7B69BD35-844E-3DE6-B63A-22DE70206AD0}.Debug|x64.ActiveCfg = Debug|x64
		{7B69BD35-844E-3DE6-B63A-22DE70206AD0}.Debug|x64.Build.0 = Debug|x64
		{7B69BD35-844E-3DE6-B63A-22DE70206AD0}.Release|x64.ActiveCfg = Release|x64
		{7B69BD35-844E-3DE6-B63A-22DE70206AD0}.Release|x64.Build.0 = Release|x64
		{CB54528D-761D-3F88-89F1-257B276F49BA}.Debug|x64.ActiveCfg = Debug|x64
		{CB54528D-761D-3F88-89F1-257B276F49BA}.Debug|x64.Build.0 = Debug|x64
		{CB54528D-761D-3F88-89F1-257B276F49BA}.Release|x64.ActiveCfg = Release|x64
		{CB54528D-761D-3F88-89F1-257B276F49BA}.Release|x64.Build.0 = Release|x64
	EndGlobalSection
	GlobalSection(SolutionProperties) = preSolution
		HideSolutionNode = FALSE
	EndGlobalSection
	GlobalSection(ExtensibilityGlobals) = postSolution
		SolutionGuid = {D7653790-89ED-4E1B-8AEA-87ED87D8BF27}
	EndGlobalSection
EndGlobal
